{
  "requires": true,
  "lockfileVersion": 1,
  "dependencies": {
    "bulma-social": {
      "version": "2.0.0",
      "resolved": "https://registry.npmjs.org/bulma-social/-/bulma-social-2.0.0.tgz",
      "integrity": "sha512-dOds/ZbTQWXMY2zME2FlBdq6JZKpmZnkP7UR6y4i0x0r73E4GJV3jnMQ3w4ESUJpZhaEp5Cg5sonwLVoQbsmdQ=="
    }
  }
}
